
Microsoft Visual Studio Solution File, Format Version 12.00
# Visual Studio 15
VisualStudioVersion = 15.0.27428.2015
MinimumVisualStudioVersion = 10.0.40219.1
Project("{FAE04EC0-301F-11D3-BF4B-00C04F79EFBC}") = "图书管理系统_课程设计", "图书管理系统_课程设计\图书管理系统_课程设计.csproj", "{B90D2BC3-9587-45F7-B61D-ADBB650D614A}"
EndProject
Global
	GlobalSection(SolutionConfigurationPlatforms) = preSolution
		Debug|Any CPU = Debug|Any CPU
		Release|Any CPU = Release|Any CPU
	EndGlobalSection
	GlobalSection(ProjectConfigurationPlatforms) = postSolution
		{B90D2BC3-9587-45F7-B61D-ADBB650D614A}.Debug|Any CPU.ActiveCfg = Debug|Any CPU
		{B90D2BC3-9587-45F7-B61D-ADBB650D614A}.Debug|Any CPU.Build.0 = Debug|Any CPU
		{B90D2BC3-9587-45F7-B61D-ADBB650D614A}.Release|Any CPU.ActiveCfg = Release|Any CPU
		{B90D2BC3-9587-45F7-B61D-ADBB650D614A}.Release|Any CPU.Build.0 = Release|Any CPU
	EndGlobalSection
	GlobalSection(SolutionProperties) = preSolution
		HideSolutionNode = FALSE
	EndGlobalSection
	GlobalSection(ExtensibilityGlobals) = postSolution
		SolutionGuid = {90A6DCE5-9C29-4255-BF1F-A9D385A403C4}
	EndGlobalSection
EndGlobal
